// !$*UTF8*$!
{
	archiveVersion = 1;
	classes = {
	};
	objectVersion = 50;
	objects = {

/* Begin PBXBuildFile section */
		C20339D023FF010A0000E396 /* AppDelegate.swift in Sources */ = {isa = PBXBuildFile; fileRef = C20339CF23FF010A0000E396 /* AppDelegate.swift */; };
		C20339D223FF010A0000E396 /* SceneDelegate.swift in Sources */ = {isa = PBXBuildFile; fileRef = C20339D123FF010A0000E396 /* SceneDelegate.swift */; };
		C20339D423FF010A0000E396 /* ViewController.swift in Sources */ = {isa = PBXBuildFile; fileRef = C20339D323FF010A0000E396 /* ViewController.swift */; };
		C20339D723FF010A0000E396 /* Main.storyboard in Resources */ = {isa = PBXBuildFile; fileRef = C20339D523FF010A0000E396 /* Main.storyboard */; };
		C20339D923FF010B0000E396 /* Assets.xcassets in Resources */ = {isa = PBXBuildFile; fileRef = C20339D823FF010B0000E396 /* Assets.xcassets */; };
		C20339DC23FF010B0000E396 /* LaunchScreen.storyboard in Resources */ = {isa = PBXBuildFile; fileRef = C20339DA23FF010B0000E396 /* LaunchScreen.storyboard */; };
		C20339E723FF010B0000E396 /* omdbAppTests.swift in Sources */ = {isa = PBXBuildFile; fileRef = C20339E623FF010B0000E396 /* omdbAppTests.swift */; };
		C20339F223FF010B0000E396 /* omdbAppUITests.swift in Sources */ = {isa = PBXBuildFile; fileRef = C20339F123FF010B0000E396 /* omdbAppUITests.swift */; };
		C2A4068F24044D8000E73DAA /* PosterController.swift in Sources */ = {isa = PBXBuildFile; fileRef = C2A4068E24044D8000E73DAA /* PosterController.swift */; };
		E7763D12240323DB00196992 /* DataDelegate.swift in Sources */ = {isa = PBXBuildFile; fileRef = E7763D11240323DB00196992 /* DataDelegate.swift */; };
/* End PBXBuildFile section */

/* Begin PBXContainerItemProxy section */
		C20339E323FF010B0000E396 /* PBXContainerItemProxy */ = {
			isa = PBXContainerItemProxy;
			containerPortal = C20339C423FF010A0000E396 /* Project object */;
			proxyType = 1;
			remoteGlobalIDString = C20339CB23FF010A0000E396;
			remoteInfo = omdbApp;
		};
		C20339EE23FF010B0000E396 /* PBXContainerItemProxy */ = {
			isa = PBXContainerItemProxy;
			containerPortal = C20339C423FF010A0000E396 /* Project object */;
			proxyType = 1;
			remoteGlobalIDString = C20339CB23FF010A0000E396;
			remoteInfo = omdbApp;
		};
/* End PBXContainerItemProxy section */

/* Begin PBXFileReference section */
		C20339CC23FF010A0000E396 /* omdbApp.app */ = {isa = PBXFileReference; explicitFileType = wrapper.application; includeInIndex = 0; path = omdbApp.app; sourceTree = BUILT_PRODUCTS_DIR; };
		C20339CF23FF010A0000E396 /* AppDelegate.swift */ = {isa = PBXFileReference; lastKnownFileType = sourcecode.swift; path = AppDelegate.swift; sourceTree = "<group>"; };
		C20339D123FF010A0000E396 /* SceneDelegate.swift */ = {isa = PBXFileReference; lastKnownFileType = sourcecode.swift; path = SceneDelegate.swift; sourceTree = "<group>"; };
		C20339D323FF010A0000E396 /* ViewController.swift */ = {isa = PBXFileReference; lastKnownFileType = sourcecode.swift; path = ViewController.swift; sourceTree = "<group>"; };
		C20339D623FF010A0000E396 /* Base */ = {isa = PBXFileReference; lastKnownFileType = file.storyboard; name = Base; path = Base.lproj/Main.storyboard; sourceTree = "<group>"; };
		C20339D823FF010B0000E396 /* Assets.xcassets */ = {isa = PBXFileReference; lastKnownFileType = folder.assetcatalog; path = Assets.xcassets; sourceTree = "<group>"; };
		C20339DB23FF010B0000E396 /* Base */ = {isa = PBXFileReference; lastKnownFileType = file.storyboard; name = Base; path = Base.lproj/LaunchScreen.storyboard; sourceTree = "<group>"; };
		C20339DD23FF010B0000E396 /* Info.plist */ = {isa = PBXFileReference; lastKnownFileType = text.plist.xml; path = Info.plist; sourceTree = "<group>"; };
		C20339E223FF010B0000E396 /* omdbAppTests.xctest */ = {isa = PBXFileReference; explicitFileType = wrapper.cfbundle; includeInIndex = 0; path = omdbAppTests.xctest; sourceTree = BUILT_PRODUCTS_DIR; };
		C20339E623FF010B0000E396 /* omdbAppTests.swift */ = {isa = PBXFileReference; lastKnownFileType = sourcecode.swift; path = omdbAppTests.swift; sourceTree = "<group>"; };
		C20339E823FF010B0000E396 /* Info.plist */ = {isa = PBXFileReference; lastKnownFileType = text.plist.xml; path = Info.plist; sourceTree = "<group>"; };
		C20339ED23FF010B0000E396 /* omdbAppUITests.xctest */ = {isa = PBXFileReference; explicitFileType = wrapper.cfbundle; includeInIndex = 0; path = omdbAppUITests.xctest; sourceTree = BUILT_PRODUCTS_DIR; };
		C20339F123FF010B0000E396 /* omdbAppUITests.swift */ = {isa = PBXFileReference; lastKnownFileType = sourcecode.swift; path = omdbAppUITests.swift; sourceTree = "<group>"; };
		C20339F323FF010B0000E396 /* Info.plist */ = {isa = PBXFileReference; lastKnownFileType = text.plist.xml; path = Info.plist; sourceTree = "<group>"; };
		C2A4068E24044D8000E73DAA /* PosterController.swift */ = {isa = PBXFileReference; lastKnownFileType = sourcecode.swift; path = PosterController.swift; sourceTree = "<group>"; };
		E7763D11240323DB00196992 /* DataDelegate.swift */ = {isa = PBXFileReference; lastKnownFileType = sourcecode.swift; path = DataDelegate.swift; sourceTree = "<group>"; };
/* End PBXFileReference section */

/* Begin PBXFrameworksBuildPhase section */
		C20339C923FF010A0000E396 /* Frameworks */ = {
			isa = PBXFrameworksBuildPhase;
			buildActionMask = 2147483647;
			files = (
			);
			runOnlyForDeploymentPostprocessing = 0;
		};
		C20339DF23FF010B0000E396 /* Frameworks */ = {
			isa = PBXFrameworksBuildPhase;
			buildActionMask = 2147483647;
			files = (
			);
			runOnlyForDeploymentPostprocessing = 0;
		};
		C20339EA23FF010B0000E396 /* Frameworks */ = {
			isa = PBXFrameworksBuildPhase;
			buildActionMask = 2147483647;
			files = (
			);
			runOnlyForDeploymentPostprocessing = 0;
		};
/* End PBXFrameworksBuildPhase section */

/* Begin PBXGroup section */
		C20339C323FF010A0000E396 = {
			isa = PBXGroup;
			children = (
				C20339CE23FF010A0000E396 /* omdbApp */,
				C20339E523FF010B0000E396 /* omdbAppTests */,
				C20339F023FF010B0000E396 /* omdbAppUITests */,
				C20339CD23FF010A0000E396 /* Products */,
			);
			sourceTree = "<group>";
		};
		C20339CD23FF010A0000E396 /* Products */ = {
			isa = PBXGroup;
			children = (
				C20339CC23FF010A0000E396 /* omdbApp.app */,
				C20339E223FF010B0000E396 /* omdbAppTests.xctest */,
				C20339ED23FF010B0000E396 /* omdbAppUITests.xctest */,
			);
			name = Products;
			sourceTree = "<group>";
		};
		C20339CE23FF010A0000E396 /* omdbApp */ = {
			isa = PBXGroup;
			children = (
				C20339CF23FF010A0000E396 /* AppDelegate.swift */,
				C20339D123FF010A0000E396 /* SceneDelegate.swift */,
				C20339D323FF010A0000E396 /* ViewController.swift */,
				C2A4068E24044D8000E73DAA /* PosterController.swift */,
				C20339D523FF010A0000E396 /* Main.storyboard */,
				C20339D823FF010B0000E396 /* Assets.xcassets */,
				C20339DA23FF010B0000E396 /* LaunchScreen.storyboard */,
				C20339DD23FF010B0000E396 /* Info.plist */,
				E7763D11240323DB00196992 /* DataDelegate.swift */,
			);
			path = omdbApp;
			sourceTree = "<group>";
		};
		C20339E523FF010B0000E396 /* omdbAppTests */ = {
			isa = PBXGroup;
			children = (
				C20339E623FF010B0000E396 /* omdbAppTests.swift */,
				C20339E823FF010B0000E396 /* Info.plist */,
			);
			path = omdbAppTests;
			sourceTree = "<group>";
		};
		C20339F023FF010B0000E396 /* omdbAppUITests */ = {
			isa = PBXGroup;
			children = (
				C20339F123FF010B0000E396 /* omdbAppUITests.swift */,
				C20339F323FF010B0000E396 /* Info.plist */,
			);
			path = omdbAppUITests;
			sourceTree = "<group>";
		};
/* End PBXGroup section */

/* Begin PBXNativeTarget section */
		C20339CB23FF010A0000E396 /* omdbApp */ = {
			isa = PBXNativeTarget;
			buildConfigurationList = C20339F623FF010B0000E396 /* Build configuration list for PBXNativeTarget "omdbApp" */;
			buildPhases = (
				C20339C823FF010A0000E396 /* Sources */,
				C20339C923FF010A0000E396 /* Frameworks */,
				C20339CA23FF010A0000E396 /* Resources */,
			);
			buildRules = (
			);
			dependencies = (
			);
			name = omdbApp;
			productName = omdbApp;
			productReference = C20339CC23FF010A0000E396 /* omdbApp.app */;
			productType = "com.apple.product-type.application";
		};
		C20339E123FF010B0000E396 /* omdbAppTests */ = {
			isa = PBXNativeTarget;
			buildConfigurationList = C20339F923FF010B0000E396 /* Build configuration list for PBXNativeTarget "omdbAppTests" */;
			buildPhases = (
				C20339DE23FF010B0000E396 /* Sources */,
				C20339DF23FF010B0000E396 /* Frameworks */,
				C20339E023FF010B0000E396 /* Resources */,
			);
			buildRules = (
			);
			dependencies = (
				C20339E423FF010B0000E396 /* PBXTargetDependency */,
			);
			name = omdbAppTests;
			productName = omdbAppTests;
			productReference = C20339E223FF010B0000E396 /* omdbAppTests.xctest */;
			productType = "com.apple.product-type.bundle.unit-test";
		};
		C20339EC23FF010B0000E396 /* omdbAppUITests */ = {
			isa = PBXNativeTarget;
			buildConfigurationList = C20339FC23FF010B0000E396 /* Build configuration list for PBXNativeTarget "omdbAppUITests" */;
			buildPhases = (
				C20339E923FF010B0000E396 /* Sources */,
				C20339EA23FF010B0000E396 /* Frameworks */,
				C20339EB23FF010B0000E396 /* Resources */,
			);
			buildRules = (
			);
			dependencies = (
				C20339EF23FF010B0000E396 /* PBXTargetDependency */,
			);
			name = omdbAppUITests;
			productName = omdbAppUITests;
			productReference = C20339ED23FF010B0000E396 /* omdbAppUITests.xctest */;
			productType = "com.apple.product-type.bundle.ui-testing";
		};
/* End PBXNativeTarget section */

/* Begin PBXProject section */
		C20339C423FF010A0000E396 /* Project object */ = {
			isa = PBXProject;
			attributes = {
				LastSwiftUpdateCheck = 1100;
				LastUpgradeCheck = 1100;
				ORGANIZATIONNAME = "Alan Van Art";
				TargetAttributes = {
					C20339CB23FF010A0000E396 = {
						CreatedOnToolsVersion = 11.0;
					};
					C20339E123FF010B0000E396 = {
						CreatedOnToolsVersion = 11.0;
						TestTargetID = C20339CB23FF010A0000E396;
					};
					C20339EC23FF010B0000E396 = {
						CreatedOnToolsVersion = 11.0;
						TestTargetID = C20339CB23FF010A0000E396;
					};
				};
			};
			buildConfigurationList = C20339C723FF010A0000E396 /* Build configuration list for PBXProject "omdbApp" */;
			compatibilityVersion = "Xcode 9.3";
			developmentRegion = en;
			hasScannedForEncodings = 0;
			knownRegions = (
				en,
				Base,
			);
			mainGroup = C20339C323FF010A0000E396;
			productRefGroup = C20339CD23FF010A0000E396 /* Products */;
			projectDirPath = "";
			projectRoot = "";
			targets = (
				C20339CB23FF010A0000E396 /* omdbApp */,
				C20339E123FF010B0000E396 /* omdbAppTests */,
				C20339EC23FF010B0000E396 /* omdbAppUITests */,
			);
		};
/* End PBXProject section */

/* Begin PBXResourcesBuildPhase section */
		C20339CA23FF010A0000E396 /* Resources */ = {
			isa = PBXResourcesBuildPhase;
			buildActionMask = 2147483647;
			files = (
				C20339DC23FF010B0000E396 /* LaunchScreen.storyboard in Resources */,
				C20339D923FF010B0000E396 /* Assets.xcassets in Resources */,
				C20339D723FF010A0000E396 /* Main.storyboard in Resources */,
			);
			runOnlyForDeploymentPostprocessing = 0;
		};
		C20339E023FF010B0000E396 /* Resources */ = {
			isa = PBXResourcesBuildPhase;
			buildActionMask = 2147483647;
			files = (
			);
			runOnlyForDeploymentPostprocessing = 0;
		};
		C20339EB23FF010B0000E396 /* Resources */ = {
			isa = PBXResourcesBuildPhase;
			buildActionMask = 2147483647;
			files = (
			);
			runOnlyForDeploymentPostprocessing = 0;
		};
/* End PBXResourcesBuildPhase section */

/* Begin PBXSourcesBuildPhase section */
		C20339C823FF010A0000E396 /* Sources */ = {
			isa = PBXSourcesBuildPhase;
			buildActionMask = 2147483647;
			files = (
				C20339D423FF010A0000E396 /* ViewController.swift in Sources */,
				C20339D023FF010A0000E396 /* AppDelegate.swift in Sources */,
				E7763D12240323DB00196992 /* DataDelegate.swift in Sources */,
				C2A4068F24044D8000E73DAA /* PosterController.swift in Sources */,
				C20339D223FF010A0000E396 /* SceneDelegate.swift in Sources */,
			);
			runOnlyForDeploymentPostprocessing = 0;
		};
		C20339DE23FF010B0000E396 /* Sources */ = {
			isa = PBXSourcesBuildPhase;
			buildActionMask = 2147483647;
			files = (
				C20339E723FF010B0000E396 /* omdbAppTests.swift in Sources */,
			);
			runOnlyForDeploymentPostprocessing = 0;
		};
		C20339E923FF010B0000E396 /* Sources */ = {
			isa = PBXSourcesBuildPhase;
			buildActionMask = 2147483647;
			files = (
				C20339F223FF010B0000E396 /* omdbAppUITests.swift in Sources */,
			);
			runOnlyForDeploymentPostprocessing = 0;
		};
/* End PBXSourcesBuildPhase section */

/* Begin PBXTargetDependency section */
		C20339E423FF010B0000E396 /* PBXTargetDependency */ = {
			isa = PBXTargetDependency;
			target = C20339CB23FF010A0000E396 /* omdbApp */;
			targetProxy = C20339E323FF010B0000E396 /* PBXContainerItemProxy */;
		};
		C20339EF23FF010B0000E396 /* PBXTargetDependency */ = {
			isa = PBXTargetDependency;
			target = C20339CB23FF010A0000E396 /* omdbApp */;
			targetProxy = C20339EE23FF010B0000E396 /* PBXContainerItemProxy */;
		};
/* End PBXTargetDependency section */

/* Begin PBXVariantGroup section */
		C20339D523FF010A0000E396 /* Main.storyboard */ = {
			isa = PBXVariantGroup;
			children = (
				C20339D623FF010A0000E396 /* Base */,
			);
			name = Main.storyboard;
			sourceTree = "<group>";
		};
		C20339DA23FF010B0000E396 /* LaunchScreen.storyboard */ = {
			isa = PBXVariantGroup;
			children = (
				C20339DB23FF010B0000E396 /* Base */,
			);
			name = LaunchScreen.storyboard;
			sourceTree = "<group>";
		};
/* End PBXVariantGroup section */

/* Begin XCBuildConfiguration section */
		C20339F423FF010B0000E396 /* Debug */ = {
			isa = XCBuildConfiguration;
			buildSettings = {
				ALWAYS_SEARCH_USER_PATHS = NO;
				CLANG_ANALYZER_NONNULL = YES;
				CLANG_ANALYZER_NUMBER_OBJECT_CONVERSION = YES_AGGRESSIVE;
				CLANG_CXX_LANGUAGE_STANDARD = "gnu++14";
				CLANG_CXX_LIBRARY = "libc++";
				CLANG_ENABLE_MODULES = YES;
				CLANG_ENABLE_OBJC_ARC = YES;
				CLANG_ENABLE_OBJC_WEAK = YES;
				CLANG_WARN_BLOCK_CAPTURE_AUTORELEASING = YES;
				CLANG_WARN_BOOL_CONVERSION = YES;
				CLANG_WARN_COMMA = YES;
				CLANG_WARN_CONSTANT_CONVERSION = YES;
				CLANG_WARN_DEPRECATED_OBJC_IMPLEMENTATIONS = YES;
				CLANG_WARN_DIRECT_OBJC_ISA_USAGE = YES_ERROR;
				CLANG_WARN_DOCUMENTATION_COMMENTS = YES;
				CLANG_WARN_EMPTY_BODY = YES;
				CLANG_WARN_ENUM_CONVERSION = YES;
				CLANG_WARN_INFINITE_RECURSION = YES;
				CLANG_WARN_INT_CONVERSION = YES;
				CLANG_WARN_NON_LITERAL_NULL_CONVERSION = YES;
				CLANG_WARN_OBJC_IMPLICIT_RETAIN_SELF = YES;
				CLANG_WARN_OBJC_LITERAL_CONVERSION = YES;
				CLANG_WARN_OBJC_ROOT_CLASS = YES_ERROR;
				CLANG_WARN_RANGE_LOOP_ANALYSIS = YES;
				CLANG_WARN_STRICT_PROTOTYPES = YES;
				CLANG_WARN_SUSPICIOUS_MOVE = YES;
				CLANG_WARN_UNGUARDED_AVAILABILITY = YES_AGGRESSIVE;
				CLANG_WARN_UNREACHABLE_CODE = YES;
				CLANG_WARN__DUPLICATE_METHOD_MATCH = YES;
				COPY_PHASE_STRIP = NO;
				DEBUG_INFORMATION_FORMAT = dwarf;
				ENABLE_STRICT_OBJC_MSGSEND = YES;
				ENABLE_TESTABILITY = YES;
				GCC_C_LANGUAGE_STANDARD = gnu11;
				GCC_DYNAMIC_NO_PIC = NO;
				GCC_NO_COMMON_BLOCKS = YES;
				GCC_OPTIMIZATION_LEVEL = 0;
				GCC_PREPROCESSOR_DEFINITIONS = (
					"DEBUG=1",
					"$(inherited)",
				);
				GCC_WARN_64_TO_32_BIT_CONVERSION = YES;
				GCC_WARN_ABOUT_RETURN_TYPE = YES_ERROR;
				GCC_WARN_UNDECLARED_SELECTOR = YES;
				GCC_WARN_UNINITIALIZED_AUTOS = YES_AGGRESSIVE;
				GCC_WARN_UNUSED_FUNCTION = YES;
				GCC_WARN_UNUSED_VARIABLE = YES;
				IPHONEOS_DEPLOYMENT_TARGET = 13.0;
				MTL_ENABLE_DEBUG_INFO = INCLUDE_SOURCE;
				MTL_FAST_MATH = YES;
				ONLY_ACTIVE_ARCH = YES;
				SDKROOT = iphoneos;
				SWIFT_ACTIVE_COMPILATION_CONDITIONS = DEBUG;
				SWIFT_OPTIMIZATION_LEVEL = "-Onone";
			};
			name = Debug;
		};
		C20339F523FF010B0000E396 /* Release */ = {
			isa = XCBuildConfiguration;
			buildSettings = {
				ALWAYS_SEARCH_USER_PATHS = NO;
				CLANG_ANALYZER_NONNULL = YES;
				CLANG_ANALYZER_NUMBER_OBJECT_CONVERSION = YES_AGGRESSIVE;
				CLANG_CXX_LANGUAGE_STANDARD = "gnu++14";
				CLANG_CXX_LIBRARY = "libc++";
				CLANG_ENABLE_MODULES = YES;
				CLANG_ENABLE_OBJC_ARC = YES;
				CLANG_ENABLE_OBJC_WEAK = YES;
				CLANG_WARN_BLOCK_CAPTURE_AUTORELEASING = YES;
				CLANG_WARN_BOOL_CONVERSION = YES;
				CLANG_WARN_COMMA = YES;
				CLANG_WARN_CONSTANT_CONVERSION = YES;
				CLANG_WARN_DEPRECATED_OBJC_IMPLEMENTATIONS = YES;
				CLANG_WARN_DIRECT_OBJC_ISA_USAGE = YES_ERROR;
				CLANG_WARN_DOCUMENTATION_COMMENTS = YES;
				CLANG_WARN_EMPTY_BODY = YES;
				CLANG_WARN_ENUM_CONVERSION = YES;
				CLANG_WARN_INFINITE_RECURSION = YES;
				CLANG_WARN_INT_CONVERSION = YES;
				CLANG_WARN_NON_LITERAL_NULL_CONVERSION = YES;
				CLANG_WARN_OBJC_IMPLICIT_RETAIN_SELF = YES;
				CLANG_WARN_OBJC_LITERAL_CONVERSION = YES;
				CLANG_WARN_OBJC_ROOT_CLASS = YES_ERROR;
				CLANG_WARN_RANGE_LOOP_ANALYSIS = YES;
				CLANG_WARN_STRICT_PROTOTYPES = YES;
				CLANG_WARN_SUSPICIOUS_MOVE = YES;
				CLANG_WARN_UNGUARDED_AVAILABILITY = YES_AGGRESSIVE;
				CLANG_WARN_UNREACHABLE_CODE = YES;
				CLANG_WARN__DUPLICATE_METHOD_MATCH = YES;
				COPY_PHASE_STRIP = NO;
				DEBUG_INFORMATION_FORMAT = "dwarf-with-dsym";
				ENABLE_NS_ASSERTIONS = NO;
				ENABLE_STRICT_OBJC_MSGSEND = YES;
				GCC_C_LANGUAGE_STANDARD = gnu11;
				GCC_NO_COMMON_BLOCKS = YES;
				GCC_WARN_64_TO_32_BIT_CONVERSION = YES;
				GCC_WARN_ABOUT_RETURN_TYPE = YES_ERROR;
				GCC_WARN_UNDECLARED_SELECTOR = YES;
				GCC_WARN_UNINITIALIZED_AUTOS = YES_AGGRESSIVE;
				GCC_WARN_UNUSED_FUNCTION = YES;
				GCC_WARN_UNUSED_VARIABLE = YES;
				IPHONEOS_DEPLOYMENT_TARGET = 13.0;
				MTL_ENABLE_DEBUG_INFO = NO;
				MTL_FAST_MATH = YES;
				SDKROOT = iphoneos;
				SWIFT_COMPILATION_MODE = wholemodule;
				SWIFT_OPTIMIZATION_LEVEL = "-O";
				VALIDATE_PRODUCT = YES;
			};
			name = Release;
		};
		C20339F723FF010B0000E396 /* Debug */ = {
			isa = XCBuildConfiguration;
			buildSettings = {
				ASSETCATALOG_COMPILER_APPICON_NAME = AppIcon;
				CODE_SIGN_STYLE = Automatic;
				INFOPLIST_FILE = omdbApp/Info.plist;
				LD_RUNPATH_SEARCH_PATHS = (
					"$(inherited)",
					"@executable_path/Frameworks",
				);
				PRODUCT_BUNDLE_IDENTIFIER = appledev.class.omdbApp;
				PRODUCT_NAME = "$(TARGET_NAME)";
				SWIFT_VERSION = 5.0;
				TARGETED_DEVICE_FAMILY = "1,2";
			};
			name = Debug;
		};
		C20339F823FF010B0000E396 /* Release */ = {
			isa = XCBuildConfiguration;
			buildSettings = {
				ASSETCATALOG_COMPILER_APPICON_NAME = AppIcon;
				CODE_SIGN_STYLE = Automatic;
				INFOPLIST_FILE = omdbApp/Info.plist;
				LD_RUNPATH_SEARCH_PATHS = (
					"$(inherited)",
					"@executable_path/Frameworks",
				);
				PRODUCT_BUNDLE_IDENTIFIER = appledev.class.omdbApp;
				PRODUCT_NAME = "$(TARGET_NAME)";
				SWIFT_VERSION = 5.0;
				TARGETED_DEVICE_FAMILY = "1,2";
			};
			name = Release;
		};
		C20339FA23FF010B0000E396 /* Debug */ = {
			isa = XCBuildConfiguration;
			buildSettings = {
				ALWAYS_EMBED_SWIFT_STANDARD_LIBRARIES = YES;
				BUNDLE_LOADER = "$(TEST_HOST)";
				CODE_SIGN_STYLE = Automatic;
				INFOPLIST_FILE = omdbAppTests/Info.plist;
				IPHONEOS_DEPLOYMENT_TARGET = 13.0;
				LD_RUNPATH_SEARCH_PATHS = (
					"$(inherited)",
					"@executable_path/Frameworks",
					"@loader_path/Frameworks",
				);
				PRODUCT_BUNDLE_IDENTIFIER = appledev.class.omdbAppTests;
				PRODUCT_NAME = "$(TARGET_NAME)";
				SWIFT_VERSION = 5.0;
				TARGETED_DEVICE_FAMILY = "1,2";
				TEST_HOST = "$(BUILT_PRODUCTS_DIR)/omdbApp.app/omdbApp";
			};
			name = Debug;
		};
		C20339FB23FF010B0000E396 /* Release */ = {
			isa = XCBuildConfiguration;
			buildSettings = {
				ALWAYS_EMBED_SWIFT_STANDARD_LIBRARIES = YES;
				BUNDLE_LOADER = "$(TEST_HOST)";
				CODE_SIGN_STYLE = Automatic;
				INFOPLIST_FILE = omdbAppTests/Info.plist;
				IPHONEOS_DEPLOYMENT_TARGET = 13.0;
				LD_RUNPATH_SEARCH_PATHS = (
					"$(inherited)",
					"@executable_path/Frameworks",
					"@loader_path/Frameworks",
				);
				PRODUCT_BUNDLE_IDENTIFIER = appledev.class.omdbAppTests;
				PRODUCT_NAME = "$(TARGET_NAME)";
				SWIFT_VERSION = 5.0;
				TARGETED_DEVICE_FAMILY = "1,2";
				TEST_HOST = "$(BUILT_PRODUCTS_DIR)/omdbApp.app/omdbApp";
			};
			name = Release;
		};
		C20339FD23FF010B0000E396 /* Debug */ = {
			isa = XCBuildConfiguration;
			buildSettings = {
				ALWAYS_EMBED_SWIFT_STANDARD_LIBRARIES = YES;
				CODE_SIGN_STYLE = Automatic;
				INFOPLIST_FILE = omdbAppUITests/Info.plist;
				LD_RUNPATH_SEARCH_PATHS = (
					"$(inherited)",
					"@executable_path/Frameworks",
					"@loader_path/Frameworks",
				);
				PRODUCT_BUNDLE_IDENTIFIER = appledev.class.omdbAppUITests;
				PRODUCT_NAME = "$(TARGET_NAME)";
				SWIFT_VERSION = 5.0;
				TARGETED_DEVICE_FAMILY = "1,2";
				TEST_TARGET_NAME = omdbApp;
			};
			name = Debug;
		};
		C20339FE23FF010B0000E396 /* Release */ = {
			isa = XCBuildConfiguration;
			buildSettings = {
				ALWAYS_EMBED_SWIFT_STANDARD_LIBRARIES = YES;
				CODE_SIGN_STYLE = Automatic;
				INFOPLIST_FILE = omdbAppUITests/Info.plist;
				LD_RUNPATH_SEARCH_PATHS = (
					"$(inherited)",
					"@executable_path/Frameworks",
					"@loader_path/Frameworks",
				);
				PRODUCT_BUNDLE_IDENTIFIER = appledev.class.omdbAppUITests;
				PRODUCT_NAME = "$(TARGET_NAME)";
				SWIFT_VERSION = 5.0;
				TARGETED_DEVICE_FAMILY = "1,2";
				TEST_TARGET_NAME = omdbApp;
			};
			name = Release;
		};
/* End XCBuildConfiguration section */

/* Begin XCConfigurationList section */
		C20339C723FF010A0000E396 /* Build configuration list for PBXProject "omdbApp" */ = {
			isa = XCConfigurationList;
			buildConfigurations = (
				C20339F423FF010B0000E396 /* Debug */,
				C20339F523FF010B0000E396 /* Release */,
			);
			defaultConfigurationIsVisible = 0;
			defaultConfigurationName = Release;
		};
		C20339F623FF010B0000E396 /* Build configuration list for PBXNativeTarget "omdbApp" */ = {
			isa = XCConfigurationList;
			buildConfigurations = (
				C20339F723FF010B0000E396 /* Debug */,
				C20339F823FF010B0000E396 /* Release */,
			);
			defaultConfigurationIsVisible = 0;
			defaultConfigurationName = Release;
		};
		C20339F923FF010B0000E396 /* Build configuration list for PBXNativeTarget "omdbAppTests" */ = {
			isa = XCConfigurationList;
			buildConfigurations = (
				C20339FA23FF010B0000E396 /* Debug */,
				C20339FB23FF010B0000E396 /* Release */,
			);
			defaultConfigurationIsVisible = 0;
			defaultConfigurationName = Release;
		};
		C20339FC23FF010B0000E396 /* Build configuration list for PBXNativeTarget "omdbAppUITests" */ = {
			isa = XCConfigurationList;
			buildConfigurations = (
				C20339FD23FF010B0000E396 /* Debug */,
				C20339FE23FF010B0000E396 /* Release */,
			);
			defaultConfigurationIsVisible = 0;
			defaultConfigurationName = Release;
		};
/* End XCConfigurationList section */
	};
	rootObject = C20339C423FF010A0000E396 /* Project object */;
}
